// !$*UTF8*$!
{
    archiveVersion = 1;
    classes = {
    };
    objectVersion = 50;
    objects = {

/* Begin PBXBuildFile section */
		AE4364A622419BE0008C5486 /* HealthKit.framework in Frameworks */ = {isa = PBXBuildFile; fileRef = AE4364A522419BE0008C5486 /* HealthKit.framework */; };
		AE553138220B4C0400B1393B /* HeadbandMessage.swift in Sources */ = {isa = PBXBuildFile; fileRef = AE553137220B4C0400B1393B /* HeadbandMessage.swift */; };
		AE5531612213B80C00B1393B /* ZVOption.swift in Sources */ = {isa = PBXBuildFile; fileRef = AE5531602213B80C00B1393B /* ZVOption.swift */; };
		AE5531632213BC6100B1393B /* TextButtonTableViewCell.swift in Sources */ = {isa = PBXBuildFile; fileRef = AE5531622213BC6100B1393B /* TextButtonTableViewCell.swift */; };
		AE5531652213BC8D00B1393B /* ButtonIndicatorTableViewCell.swift in Sources */ = {isa = PBXBuildFile; fileRef = AE5531642213BC8D00B1393B /* ButtonIndicatorTableViewCell.swift */; };
		AE614892225FD47400100821 /* SessionDelegater.swift in Sources */ = {isa = PBXBuildFile; fileRef = AE614891225FD47400100821 /* SessionDelegater.swift */; };
		AE614893225FD47400100821 /* SessionDelegater.swift in Sources */ = {isa = PBXBuildFile; fileRef = AE614891225FD47400100821 /* SessionDelegater.swift */; };
		AE7E8C0C2202309E00B6A4EC /* HomeViewController.swift in Sources */ = {isa = PBXBuildFile; fileRef = AE7E8C0B2202309E00B6A4EC /* HomeViewController.swift */; };
		AE7E8C0E220238D800B6A4EC /* HeabandReceiver.swift in Sources */ = {isa = PBXBuildFile; fileRef = AE7E8C0D220238D800B6A4EC /* HeabandReceiver.swift */; };
		AEA9026D225D473C0098DEC9 /* MotionInterfaceController.swift in Sources */ = {isa = PBXBuildFile; fileRef = AEA9026B225D47360098DEC9 /* MotionInterfaceController.swift */; };
		AEA90270225FC2800098DEC9 /* HeartRateManager.swift in Sources */ = {isa = PBXBuildFile; fileRef = AEA9026F225FC2800098DEC9 /* HeartRateManager.swift */; };
		AEA90272225FCD8E0098DEC9 /* MotionManager.swift in Sources */ = {isa = PBXBuildFile; fileRef = AEA90271225FCD8E0098DEC9 /* MotionManager.swift */; };
		AEC35A44224195EC0074A0E4 /* StatusInterfaceController.swift in Sources */ = {isa = PBXBuildFile; fileRef = AEC35A43224195E10074A0E4 /* StatusInterfaceController.swift */; };
		AEC35A472241960A0074A0E4 /* WatchReceiver.swift in Sources */ = {isa = PBXBuildFile; fileRef = AEC35A45224196070074A0E4 /* WatchReceiver.swift */; };
		AEC35A49224196280074A0E4 /* HealthKitSetupAssistant.swift in Sources */ = {isa = PBXBuildFile; fileRef = AEC35A48224196280074A0E4 /* HealthKitSetupAssistant.swift */; };
		AEC35A4D224196550074A0E4 /* HealthKit.framework in Frameworks */ = {isa = PBXBuildFile; fileRef = AEC35A4C224196550074A0E4 /* HealthKit.framework */; };
		AEE77AFD220225670042AE11 /* AppDelegate.swift in Sources */ = {isa = PBXBuildFile; fileRef = AEE77AFC220225670042AE11 /* AppDelegate.swift */; };
		AEE77B02220225670042AE11 /* Main.storyboard in Resources */ = {isa = PBXBuildFile; fileRef = AEE77B00220225670042AE11 /* Main.storyboard */; };
		AEE77B042202256B0042AE11 /* Assets.xcassets in Resources */ = {isa = PBXBuildFile; fileRef = AEE77B032202256B0042AE11 /* Assets.xcassets */; };
		AEE77B072202256B0042AE11 /* LaunchScreen.storyboard in Resources */ = {isa = PBXBuildFile; fileRef = AEE77B052202256B0042AE11 /* LaunchScreen.storyboard */; };
		AEE77B122202256B0042AE11 /* Muse_ZenvironmentTests.swift in Sources */ = {isa = PBXBuildFile; fileRef = AEE77B112202256B0042AE11 /* Muse_ZenvironmentTests.swift */; };
		AEE77B1D2202256B0042AE11 /* Muse_ZenvironmentUITests.swift in Sources */ = {isa = PBXBuildFile; fileRef = AEE77B1C2202256B0042AE11 /* Muse_ZenvironmentUITests.swift */; };
		AEE77B222202256B0042AE11 /* Muse Zenvironment WatchKit App.app in Embed Watch Content */ = {isa = PBXBuildFile; fileRef = AEE77B212202256B0042AE11 /* Muse Zenvironment WatchKit App.app */; };
		AEE77B282202256B0042AE11 /* Interface.storyboard in Resources */ = {isa = PBXBuildFile; fileRef = AEE77B262202256B0042AE11 /* Interface.storyboard */; };
		AEE77B2A2202256B0042AE11 /* Assets.xcassets in Resources */ = {isa = PBXBuildFile; fileRef = AEE77B292202256B0042AE11 /* Assets.xcassets */; };
		AEE77B312202256C0042AE11 /* Muse Zenvironment WatchKit Extension.appex in Embed App Extensions */ = {isa = PBXBuildFile; fileRef = AEE77B302202256C0042AE11 /* Muse Zenvironment WatchKit Extension.appex */; settings = {ATTRIBUTES = (RemoveHeadersOnCopy, ); }; };
		AEE77B362202256C0042AE11 /* InterfaceController.swift in Sources */ = {isa = PBXBuildFile; fileRef = AEE77B352202256C0042AE11 /* InterfaceController.swift */; };
		AEE77B382202256C0042AE11 /* ExtensionDelegate.swift in Sources */ = {isa = PBXBuildFile; fileRef = AEE77B372202256C0042AE11 /* ExtensionDelegate.swift */; };
		AEE77B3A2202256C0042AE11 /* NotificationController.swift in Sources */ = {isa = PBXBuildFile; fileRef = AEE77B392202256C0042AE11 /* NotificationController.swift */; };
		AEE77B3C2202256C0042AE11 /* ComplicationController.swift in Sources */ = {isa = PBXBuildFile; fileRef = AEE77B3B2202256C0042AE11 /* ComplicationController.swift */; };
		AEE77B3E2202256C0042AE11 /* Assets.xcassets in Resources */ = {isa = PBXBuildFile; fileRef = AEE77B3D2202256C0042AE11 /* Assets.xcassets */; };
/* End PBXBuildFile section */

/* Begin PBXContainerItemProxy section */
        AEE77B0E2202256B0042AE11 /* PBXContainerItemProxy */ = {
            isa = PBXContainerItemProxy;
            containerPortal = AEE77AF1220225670042AE11 /* Project object */;
            proxyType = 1;
            remoteGlobalIDString = AEE77AF8220225670042AE11;
            remoteInfo = "Muse Zenvironment";
        };
        AEE77B192202256B0042AE11 /* PBXContainerItemProxy */ = {
            isa = PBXContainerItemProxy;
            containerPortal = AEE77AF1220225670042AE11 /* Project object */;
            proxyType = 1;
            remoteGlobalIDString = AEE77AF8220225670042AE11;
            remoteInfo = "Muse Zenvironment";
        };
        AEE77B232202256B0042AE11 /* PBXContainerItemProxy */ = {
            isa = PBXContainerItemProxy;
            containerPortal = AEE77AF1220225670042AE11 /* Project object */;
            proxyType = 1;
            remoteGlobalIDString = AEE77B202202256B0042AE11;
            remoteInfo = "Muse Zenvironment WatchKit App";
        };
        AEE77B322202256C0042AE11 /* PBXContainerItemProxy */ = {
            isa = PBXContainerItemProxy;
            containerPortal = AEE77AF1220225670042AE11 /* Project object */;
            proxyType = 1;
            remoteGlobalIDString = AEE77B2F2202256C0042AE11;
            remoteInfo = "Muse Zenvironment WatchKit Extension";
        };
/* End PBXContainerItemProxy section */

/* Begin PBXCopyFilesBuildPhase section */
        AEE77B462202256C0042AE11 /* Embed App Extensions */ = {
            isa = PBXCopyFilesBuildPhase;
            buildActionMask = 2147483647;
            dstPath = "";
            dstSubfolderSpec = 13;
            files = (
                AEE77B312202256C0042AE11 /* Muse Zenvironment WatchKit Extension.appex in Embed App Extensions */,
            );
            name = "Embed App Extensions";
            runOnlyForDeploymentPostprocessing = 0;
        };
        AEE77B4A2202256C0042AE11 /* Embed Watch Content */ = {
            isa = PBXCopyFilesBuildPhase;
            buildActionMask = 2147483647;
            dstPath = "$(CONTENTS_FOLDER_PATH)/Watch";
            dstSubfolderSpec = 16;
            files = (
                AEE77B222202256B0042AE11 /* Muse Zenvironment WatchKit App.app in Embed Watch Content */,
            );
            name = "Embed Watch Content";
            runOnlyForDeploymentPostprocessing = 0;
        };
/* End PBXCopyFilesBuildPhase section */

/* Begin PBXFileReference section */
		AE4364A422419BE0008C5486 /* Muse Zenvironment WatchKit Extension.entitlements */ = {isa = PBXFileReference; lastKnownFileType = text.plist.entitlements; path = "Muse Zenvironment WatchKit Extension.entitlements"; sourceTree = "<group>"; };
		AE4364A522419BE0008C5486 /* HealthKit.framework */ = {isa = PBXFileReference; lastKnownFileType = wrapper.framework; name = HealthKit.framework; path = Platforms/WatchOS.platform/Developer/SDKs/WatchOS5.1.sdk/System/Library/Frameworks/HealthKit.framework; sourceTree = DEVELOPER_DIR; };
		AE553137220B4C0400B1393B /* HeadbandMessage.swift */ = {isa = PBXFileReference; lastKnownFileType = sourcecode.swift; path = HeadbandMessage.swift; sourceTree = "<group>"; };
		AE5531602213B80C00B1393B /* ZVOption.swift */ = {isa = PBXFileReference; lastKnownFileType = sourcecode.swift; path = ZVOption.swift; sourceTree = "<group>"; };
		AE5531622213BC6100B1393B /* TextButtonTableViewCell.swift */ = {isa = PBXFileReference; lastKnownFileType = sourcecode.swift; path = TextButtonTableViewCell.swift; sourceTree = "<group>"; };
		AE5531642213BC8D00B1393B /* ButtonIndicatorTableViewCell.swift */ = {isa = PBXFileReference; lastKnownFileType = sourcecode.swift; path = ButtonIndicatorTableViewCell.swift; sourceTree = "<group>"; };
		AE614891225FD47400100821 /* SessionDelegater.swift */ = {isa = PBXFileReference; lastKnownFileType = sourcecode.swift; path = SessionDelegater.swift; sourceTree = "<group>"; };
		AE7E8C0B2202309E00B6A4EC /* HomeViewController.swift */ = {isa = PBXFileReference; lastKnownFileType = sourcecode.swift; path = HomeViewController.swift; sourceTree = "<group>"; };
		AE7E8C0D220238D800B6A4EC /* HeabandReceiver.swift */ = {isa = PBXFileReference; lastKnownFileType = sourcecode.swift; path = HeabandReceiver.swift; sourceTree = "<group>"; };
		AEA9026B225D47360098DEC9 /* MotionInterfaceController.swift */ = {isa = PBXFileReference; lastKnownFileType = sourcecode.swift; path = MotionInterfaceController.swift; sourceTree = "<group>"; };
		AEA9026F225FC2800098DEC9 /* HeartRateManager.swift */ = {isa = PBXFileReference; lastKnownFileType = sourcecode.swift; path = HeartRateManager.swift; sourceTree = "<group>"; };
		AEA90271225FCD8E0098DEC9 /* MotionManager.swift */ = {isa = PBXFileReference; lastKnownFileType = sourcecode.swift; path = MotionManager.swift; sourceTree = "<group>"; };
		AEC35A43224195E10074A0E4 /* StatusInterfaceController.swift */ = {isa = PBXFileReference; fileEncoding = 4; lastKnownFileType = sourcecode.swift; name = StatusInterfaceController.swift; path = "Muse Zenvironment WatchKit Extension/StatusInterfaceController.swift"; sourceTree = SOURCE_ROOT; };
		AEC35A45224196070074A0E4 /* WatchReceiver.swift */ = {isa = PBXFileReference; fileEncoding = 4; lastKnownFileType = sourcecode.swift; path = WatchReceiver.swift; sourceTree = "<group>"; };
		AEC35A48224196280074A0E4 /* HealthKitSetupAssistant.swift */ = {isa = PBXFileReference; lastKnownFileType = sourcecode.swift; name = HealthKitSetupAssistant.swift; path = "/Users/evanteters/Documents/College/Senior/Capstone top level project/Muse-Zenvironment-iOS/Muse Zenvironment/Muse Zenvironment/HealthKitSetupAssistant.swift"; sourceTree = "<absolute>"; };
		AEC35A4A224196550074A0E4 /* Muse Zenvironment.entitlements */ = {isa = PBXFileReference; lastKnownFileType = text.plist.entitlements; path = "Muse Zenvironment.entitlements"; sourceTree = "<group>"; };
		AEC35A4C224196550074A0E4 /* HealthKit.framework */ = {isa = PBXFileReference; lastKnownFileType = wrapper.framework; name = HealthKit.framework; path = System/Library/Frameworks/HealthKit.framework; sourceTree = SDKROOT; };
		AEE77AF9220225670042AE11 /* Muse Zenvironment.app */ = {isa = PBXFileReference; explicitFileType = wrapper.application; includeInIndex = 0; path = "Muse Zenvironment.app"; sourceTree = BUILT_PRODUCTS_DIR; };
		AEE77AFC220225670042AE11 /* AppDelegate.swift */ = {isa = PBXFileReference; lastKnownFileType = sourcecode.swift; path = AppDelegate.swift; sourceTree = "<group>"; };
		AEE77B01220225670042AE11 /* Base */ = {isa = PBXFileReference; lastKnownFileType = file.storyboard; name = Base; path = Base.lproj/Main.storyboard; sourceTree = "<group>"; };
		AEE77B032202256B0042AE11 /* Assets.xcassets */ = {isa = PBXFileReference; lastKnownFileType = folder.assetcatalog; path = Assets.xcassets; sourceTree = "<group>"; };
		AEE77B062202256B0042AE11 /* Base */ = {isa = PBXFileReference; lastKnownFileType = file.storyboard; name = Base; path = Base.lproj/LaunchScreen.storyboard; sourceTree = "<group>"; };
		AEE77B082202256B0042AE11 /* Info.plist */ = {isa = PBXFileReference; lastKnownFileType = text.plist.xml; path = Info.plist; sourceTree = "<group>"; };
		AEE77B0D2202256B0042AE11 /* Muse ZenvironmentTests.xctest */ = {isa = PBXFileReference; explicitFileType = wrapper.cfbundle; includeInIndex = 0; path = "Muse ZenvironmentTests.xctest"; sourceTree = BUILT_PRODUCTS_DIR; };
		AEE77B112202256B0042AE11 /* Muse_ZenvironmentTests.swift */ = {isa = PBXFileReference; lastKnownFileType = sourcecode.swift; path = Muse_ZenvironmentTests.swift; sourceTree = "<group>"; };
		AEE77B132202256B0042AE11 /* Info.plist */ = {isa = PBXFileReference; lastKnownFileType = text.plist.xml; path = Info.plist; sourceTree = "<group>"; };
		AEE77B182202256B0042AE11 /* Muse ZenvironmentUITests.xctest */ = {isa = PBXFileReference; explicitFileType = wrapper.cfbundle; includeInIndex = 0; path = "Muse ZenvironmentUITests.xctest"; sourceTree = BUILT_PRODUCTS_DIR; };
		AEE77B1C2202256B0042AE11 /* Muse_ZenvironmentUITests.swift */ = {isa = PBXFileReference; lastKnownFileType = sourcecode.swift; path = Muse_ZenvironmentUITests.swift; sourceTree = "<group>"; };
		AEE77B1E2202256B0042AE11 /* Info.plist */ = {isa = PBXFileReference; lastKnownFileType = text.plist.xml; path = Info.plist; sourceTree = "<group>"; };
		AEE77B212202256B0042AE11 /* Muse Zenvironment WatchKit App.app */ = {isa = PBXFileReference; explicitFileType = wrapper.application; includeInIndex = 0; path = "Muse Zenvironment WatchKit App.app"; sourceTree = BUILT_PRODUCTS_DIR; };
		AEE77B272202256B0042AE11 /* Base */ = {isa = PBXFileReference; lastKnownFileType = file.storyboard; name = Base; path = Base.lproj/Interface.storyboard; sourceTree = "<group>"; };
		AEE77B292202256B0042AE11 /* Assets.xcassets */ = {isa = PBXFileReference; lastKnownFileType = folder.assetcatalog; path = Assets.xcassets; sourceTree = "<group>"; };
		AEE77B2B2202256B0042AE11 /* Info.plist */ = {isa = PBXFileReference; lastKnownFileType = text.plist.xml; path = Info.plist; sourceTree = "<group>"; };
		AEE77B302202256C0042AE11 /* Muse Zenvironment WatchKit Extension.appex */ = {isa = PBXFileReference; explicitFileType = "wrapper.app-extension"; includeInIndex = 0; path = "Muse Zenvironment WatchKit Extension.appex"; sourceTree = BUILT_PRODUCTS_DIR; };
		AEE77B352202256C0042AE11 /* InterfaceController.swift */ = {isa = PBXFileReference; lastKnownFileType = sourcecode.swift; path = InterfaceController.swift; sourceTree = "<group>"; };
		AEE77B372202256C0042AE11 /* ExtensionDelegate.swift */ = {isa = PBXFileReference; lastKnownFileType = sourcecode.swift; path = ExtensionDelegate.swift; sourceTree = "<group>"; };
		AEE77B392202256C0042AE11 /* NotificationController.swift */ = {isa = PBXFileReference; lastKnownFileType = sourcecode.swift; path = NotificationController.swift; sourceTree = "<group>"; };
		AEE77B3B2202256C0042AE11 /* ComplicationController.swift */ = {isa = PBXFileReference; lastKnownFileType = sourcecode.swift; path = ComplicationController.swift; sourceTree = "<group>"; };
		AEE77B3D2202256C0042AE11 /* Assets.xcassets */ = {isa = PBXFileReference; lastKnownFileType = folder.assetcatalog; path = Assets.xcassets; sourceTree = "<group>"; };
		AEE77B3F2202256C0042AE11 /* Info.plist */ = {isa = PBXFileReference; lastKnownFileType = text.plist.xml; path = Info.plist; sourceTree = "<group>"; };
		AEE77B402202256C0042AE11 /* PushNotificationPayload.apns */ = {isa = PBXFileReference; lastKnownFileType = text; path = PushNotificationPayload.apns; sourceTree = "<group>"; };
/* End PBXFileReference section */

/* Begin PBXFrameworksBuildPhase section */
		AEE77AF6220225670042AE11 /* Frameworks */ = {
			isa = PBXFrameworksBuildPhase;
			buildActionMask = 2147483647;
			files = (
				AEC35A4D224196550074A0E4 /* HealthKit.framework in Frameworks */,
			);
			runOnlyForDeploymentPostprocessing = 0;
		};
		AEE77B0A2202256B0042AE11 /* Frameworks */ = {
			isa = PBXFrameworksBuildPhase;
			buildActionMask = 2147483647;
			files = (
			);
			runOnlyForDeploymentPostprocessing = 0;
		};
		AEE77B152202256B0042AE11 /* Frameworks */ = {
			isa = PBXFrameworksBuildPhase;
			buildActionMask = 2147483647;
			files = (
			);
			runOnlyForDeploymentPostprocessing = 0;
		};
		AEE77B2D2202256C0042AE11 /* Frameworks */ = {
			isa = PBXFrameworksBuildPhase;
			buildActionMask = 2147483647;
			files = (
				AE4364A622419BE0008C5486 /* HealthKit.framework in Frameworks */,
			);
			runOnlyForDeploymentPostprocessing = 0;
		};
/* End PBXFrameworksBuildPhase section */

/* Begin PBXGroup section */
		AE5531662213BC9400B1393B /* Table view cells */ = {
			isa = PBXGroup;
			children = (
				AE5531622213BC6100B1393B /* TextButtonTableViewCell.swift */,
				AE5531642213BC8D00B1393B /* ButtonIndicatorTableViewCell.swift */,
			);
			path = "Table view cells";
			sourceTree = "<group>";
		};
		AEA9026E225FC1D90098DEC9 /* Shared */ = {
			isa = PBXGroup;
			children = (
				AE614891225FD47400100821 /* SessionDelegater.swift */,
			);
			path = Shared;
			sourceTree = "<group>";
		};
		AEC35A4B224196550074A0E4 /* Frameworks */ = {
			isa = PBXGroup;
			children = (
				AE4364A522419BE0008C5486 /* HealthKit.framework */,
				AEC35A4C224196550074A0E4 /* HealthKit.framework */,
			);
			name = Frameworks;
			sourceTree = "<group>";
		};
		AEE77AF0220225670042AE11 = {
			isa = PBXGroup;
			children = (
				AEA9026E225FC1D90098DEC9 /* Shared */,
				AEE77AFB220225670042AE11 /* Muse Zenvironment */,
				AEE77B102202256B0042AE11 /* Muse ZenvironmentTests */,
				AEE77B1B2202256B0042AE11 /* Muse ZenvironmentUITests */,
				AEE77B252202256B0042AE11 /* Muse Zenvironment WatchKit App */,
				AEE77B342202256C0042AE11 /* Muse Zenvironment WatchKit Extension */,
				AEE77AFA220225670042AE11 /* Products */,
				AEC35A4B224196550074A0E4 /* Frameworks */,
			);
			sourceTree = "<group>";
		};
		AEE77AFA220225670042AE11 /* Products */ = {
			isa = PBXGroup;
			children = (
				AEE77AF9220225670042AE11 /* Muse Zenvironment.app */,
				AEE77B0D2202256B0042AE11 /* Muse ZenvironmentTests.xctest */,
				AEE77B182202256B0042AE11 /* Muse ZenvironmentUITests.xctest */,
				AEE77B212202256B0042AE11 /* Muse Zenvironment WatchKit App.app */,
				AEE77B302202256C0042AE11 /* Muse Zenvironment WatchKit Extension.appex */,
			);
			name = Products;
			sourceTree = "<group>";
		};
		AEE77AFB220225670042AE11 /* Muse Zenvironment */ = {
			isa = PBXGroup;
			children = (
				AEC35A4A224196550074A0E4 /* Muse Zenvironment.entitlements */,
				AEE77AFC220225670042AE11 /* AppDelegate.swift */,
				AEE77B00220225670042AE11 /* Main.storyboard */,
				AE5531602213B80C00B1393B /* ZVOption.swift */,
				AE553137220B4C0400B1393B /* HeadbandMessage.swift */,
				AE7E8C0B2202309E00B6A4EC /* HomeViewController.swift */,
				AE7E8C0D220238D800B6A4EC /* HeabandReceiver.swift */,
				AEC35A45224196070074A0E4 /* WatchReceiver.swift */,
				AEC35A48224196280074A0E4 /* HealthKitSetupAssistant.swift */,
				AE5531662213BC9400B1393B /* Table view cells */,
				AEE77B032202256B0042AE11 /* Assets.xcassets */,
				AEE77B052202256B0042AE11 /* LaunchScreen.storyboard */,
				AEE77B082202256B0042AE11 /* Info.plist */,
			);
			path = "Muse Zenvironment";
			sourceTree = "<group>";
		};
		AEE77B102202256B0042AE11 /* Muse ZenvironmentTests */ = {
			isa = PBXGroup;
			children = (
				AEE77B112202256B0042AE11 /* Muse_ZenvironmentTests.swift */,
				AEE77B132202256B0042AE11 /* Info.plist */,
			);
			path = "Muse ZenvironmentTests";
			sourceTree = "<group>";
		};
		AEE77B1B2202256B0042AE11 /* Muse ZenvironmentUITests */ = {
			isa = PBXGroup;
			children = (
				AEE77B1C2202256B0042AE11 /* Muse_ZenvironmentUITests.swift */,
				AEE77B1E2202256B0042AE11 /* Info.plist */,
			);
			path = "Muse ZenvironmentUITests";
			sourceTree = "<group>";
		};
		AEE77B252202256B0042AE11 /* Muse Zenvironment WatchKit App */ = {
			isa = PBXGroup;
			children = (
				AEE77B262202256B0042AE11 /* Interface.storyboard */,
				AEE77B292202256B0042AE11 /* Assets.xcassets */,
				AEE77B2B2202256B0042AE11 /* Info.plist */,
			);
			path = "Muse Zenvironment WatchKit App";
			sourceTree = "<group>";
		};
		AEE77B342202256C0042AE11 /* Muse Zenvironment WatchKit Extension */ = {
			isa = PBXGroup;
			children = (
				AE4364A422419BE0008C5486 /* Muse Zenvironment WatchKit Extension.entitlements */,
				AEA9026B225D47360098DEC9 /* MotionInterfaceController.swift */,
				AEA90271225FCD8E0098DEC9 /* MotionManager.swift */,
				AEC35A43224195E10074A0E4 /* StatusInterfaceController.swift */,
				AEA9026F225FC2800098DEC9 /* HeartRateManager.swift */,
				AEE77B352202256C0042AE11 /* InterfaceController.swift */,
				AEE77B372202256C0042AE11 /* ExtensionDelegate.swift */,
				AEE77B392202256C0042AE11 /* NotificationController.swift */,
				AEE77B3B2202256C0042AE11 /* ComplicationController.swift */,
				AEE77B3D2202256C0042AE11 /* Assets.xcassets */,
				AEE77B3F2202256C0042AE11 /* Info.plist */,
				AEE77B402202256C0042AE11 /* PushNotificationPayload.apns */,
			);
			path = "Muse Zenvironment WatchKit Extension";
			sourceTree = "<group>";
		};
/* End PBXGroup section */

/* Begin PBXNativeTarget section */
        AEE77AF8220225670042AE11 /* Muse Zenvironment */ = {
            isa = PBXNativeTarget;
            buildConfigurationList = AEE77B4B2202256C0042AE11 /* Build configuration list for PBXNativeTarget "Muse Zenvironment" */;
            buildPhases = (
                AEE77AF5220225670042AE11 /* Sources */,
                AEE77AF6220225670042AE11 /* Frameworks */,
                AEE77AF7220225670042AE11 /* Resources */,
                AEE77B4A2202256C0042AE11 /* Embed Watch Content */,
            );
            buildRules = (
            );
            dependencies = (
                AEE77B242202256B0042AE11 /* PBXTargetDependency */,
            );
            name = "Muse Zenvironment";
            productName = "Muse Zenvironment";
            productReference = AEE77AF9220225670042AE11 /* Muse Zenvironment.app */;
            productType = "com.apple.product-type.application";
        };
        AEE77B0C2202256B0042AE11 /* Muse ZenvironmentTests */ = {
            isa = PBXNativeTarget;
            buildConfigurationList = AEE77B4E2202256C0042AE11 /* Build configuration list for PBXNativeTarget "Muse ZenvironmentTests" */;
            buildPhases = (
                AEE77B092202256B0042AE11 /* Sources */,
                AEE77B0A2202256B0042AE11 /* Frameworks */,
                AEE77B0B2202256B0042AE11 /* Resources */,
            );
            buildRules = (
            );
            dependencies = (
                AEE77B0F2202256B0042AE11 /* PBXTargetDependency */,
            );
            name = "Muse ZenvironmentTests";
            productName = "Muse ZenvironmentTests";
            productReference = AEE77B0D2202256B0042AE11 /* Muse ZenvironmentTests.xctest */;
            productType = "com.apple.product-type.bundle.unit-test";
        };
        AEE77B172202256B0042AE11 /* Muse ZenvironmentUITests */ = {
            isa = PBXNativeTarget;
            buildConfigurationList = AEE77B512202256C0042AE11 /* Build configuration list for PBXNativeTarget "Muse ZenvironmentUITests" */;
            buildPhases = (
                AEE77B142202256B0042AE11 /* Sources */,
                AEE77B152202256B0042AE11 /* Frameworks */,
                AEE77B162202256B0042AE11 /* Resources */,
            );
            buildRules = (
            );
            dependencies = (
                AEE77B1A2202256B0042AE11 /* PBXTargetDependency */,
            );
            name = "Muse ZenvironmentUITests";
            productName = "Muse ZenvironmentUITests";
            productReference = AEE77B182202256B0042AE11 /* Muse ZenvironmentUITests.xctest */;
            productType = "com.apple.product-type.bundle.ui-testing";
        };
        AEE77B202202256B0042AE11 /* Muse Zenvironment WatchKit App */ = {
            isa = PBXNativeTarget;
            buildConfigurationList = AEE77B472202256C0042AE11 /* Build configuration list for PBXNativeTarget "Muse Zenvironment WatchKit App" */;
            buildPhases = (
                AEE77B1F2202256B0042AE11 /* Resources */,
                AEE77B462202256C0042AE11 /* Embed App Extensions */,
            );
            buildRules = (
            );
            dependencies = (
                AEE77B332202256C0042AE11 /* PBXTargetDependency */,
            );
            name = "Muse Zenvironment WatchKit App";
            productName = "Muse Zenvironment WatchKit App";
            productReference = AEE77B212202256B0042AE11 /* Muse Zenvironment WatchKit App.app */;
            productType = "com.apple.product-type.application.watchapp2";
        };
        AEE77B2F2202256C0042AE11 /* Muse Zenvironment WatchKit Extension */ = {
            isa = PBXNativeTarget;
            buildConfigurationList = AEE77B432202256C0042AE11 /* Build configuration list for PBXNativeTarget "Muse Zenvironment WatchKit Extension" */;
            buildPhases = (
                AEE77B2C2202256C0042AE11 /* Sources */,
                AEE77B2D2202256C0042AE11 /* Frameworks */,
                AEE77B2E2202256C0042AE11 /* Resources */,
            );
            buildRules = (
            );
            dependencies = (
            );
            name = "Muse Zenvironment WatchKit Extension";
            productName = "Muse Zenvironment WatchKit Extension";
            productReference = AEE77B302202256C0042AE11 /* Muse Zenvironment WatchKit Extension.appex */;
            productType = "com.apple.product-type.watchkit2-extension";
        };
/* End PBXNativeTarget section */

/* Begin PBXProject section */
		AEE77AF1220225670042AE11 /* Project object */ = {
			isa = PBXProject;
			attributes = {
				LastSwiftUpdateCheck = 1000;
				LastUpgradeCheck = 1000;
				ORGANIZATIONNAME = "Evan Teters";
				TargetAttributes = {
					AEE77AF8220225670042AE11 = {
						CreatedOnToolsVersion = 10.0;
						LastSwiftMigration = 1010;
						SystemCapabilities = {
							com.apple.BackgroundModes = {
								enabled = 1;
							};
							com.apple.HealthKit = {
								enabled = 1;
							};
						};
					};
					AEE77B0C2202256B0042AE11 = {
						CreatedOnToolsVersion = 10.0;
						TestTargetID = AEE77AF8220225670042AE11;
					};
					AEE77B172202256B0042AE11 = {
						CreatedOnToolsVersion = 10.0;
						TestTargetID = AEE77AF8220225670042AE11;
					};
					AEE77B202202256B0042AE11 = {
						CreatedOnToolsVersion = 10.0;
						LastSwiftMigration = 1010;
					};
					AEE77B2F2202256C0042AE11 = {
						CreatedOnToolsVersion = 10.0;
						SystemCapabilities = {
							com.apple.HealthKit.watchos = {
								enabled = 1;
							};
						};
					};
				};
			};
			buildConfigurationList = AEE77AF4220225670042AE11 /* Build configuration list for PBXProject "Muse Zenvironment" */;
			compatibilityVersion = "Xcode 9.3";
			developmentRegion = en;
			hasScannedForEncodings = 0;
			knownRegions = (
				en,
				Base,
			);
			mainGroup = AEE77AF0220225670042AE11;
			productRefGroup = AEE77AFA220225670042AE11 /* Products */;
			projectDirPath = "";
			projectRoot = "";
			targets = (
				AEE77AF8220225670042AE11 /* Muse Zenvironment */,
				AEE77B0C2202256B0042AE11 /* Muse ZenvironmentTests */,
				AEE77B172202256B0042AE11 /* Muse ZenvironmentUITests */,
				AEE77B202202256B0042AE11 /* Muse Zenvironment WatchKit App */,
				AEE77B2F2202256C0042AE11 /* Muse Zenvironment WatchKit Extension */,
			);
		};
/* End PBXProject section */

/* Begin PBXResourcesBuildPhase section */
        AEE77AF7220225670042AE11 /* Resources */ = {
            isa = PBXResourcesBuildPhase;
            buildActionMask = 2147483647;
            files = (
                AEE77B072202256B0042AE11 /* LaunchScreen.storyboard in Resources */,
                AEE77B042202256B0042AE11 /* Assets.xcassets in Resources */,
                AEE77B02220225670042AE11 /* Main.storyboard in Resources */,
            );
            runOnlyForDeploymentPostprocessing = 0;
        };
        AEE77B0B2202256B0042AE11 /* Resources */ = {
            isa = PBXResourcesBuildPhase;
            buildActionMask = 2147483647;
            files = (
            );
            runOnlyForDeploymentPostprocessing = 0;
        };
        AEE77B162202256B0042AE11 /* Resources */ = {
            isa = PBXResourcesBuildPhase;
            buildActionMask = 2147483647;
            files = (
            );
            runOnlyForDeploymentPostprocessing = 0;
        };
        AEE77B1F2202256B0042AE11 /* Resources */ = {
            isa = PBXResourcesBuildPhase;
            buildActionMask = 2147483647;
            files = (
                AEE77B2A2202256B0042AE11 /* Assets.xcassets in Resources */,
                AEE77B282202256B0042AE11 /* Interface.storyboard in Resources */,
            );
            runOnlyForDeploymentPostprocessing = 0;
        };
        AEE77B2E2202256C0042AE11 /* Resources */ = {
            isa = PBXResourcesBuildPhase;
            buildActionMask = 2147483647;
            files = (
                AEE77B3E2202256C0042AE11 /* Assets.xcassets in Resources */,
            );
            runOnlyForDeploymentPostprocessing = 0;
        };
/* End PBXResourcesBuildPhase section */

/* Begin PBXSourcesBuildPhase section */
		AEE77AF5220225670042AE11 /* Sources */ = {
			isa = PBXSourcesBuildPhase;
			buildActionMask = 2147483647;
			files = (
				AEC35A49224196280074A0E4 /* HealthKitSetupAssistant.swift in Sources */,
				AE5531652213BC8D00B1393B /* ButtonIndicatorTableViewCell.swift in Sources */,
				AE614892225FD47400100821 /* SessionDelegater.swift in Sources */,
				AE553138220B4C0400B1393B /* HeadbandMessage.swift in Sources */,
				AEC35A472241960A0074A0E4 /* WatchReceiver.swift in Sources */,
				AEE77AFD220225670042AE11 /* AppDelegate.swift in Sources */,
				AE7E8C0C2202309E00B6A4EC /* HomeViewController.swift in Sources */,
				AE7E8C0E220238D800B6A4EC /* HeabandReceiver.swift in Sources */,
				AE5531632213BC6100B1393B /* TextButtonTableViewCell.swift in Sources */,
				AE5531612213B80C00B1393B /* ZVOption.swift in Sources */,
			);
			runOnlyForDeploymentPostprocessing = 0;
		};
		AEE77B092202256B0042AE11 /* Sources */ = {
			isa = PBXSourcesBuildPhase;
			buildActionMask = 2147483647;
			files = (
				AEE77B122202256B0042AE11 /* Muse_ZenvironmentTests.swift in Sources */,
			);
			runOnlyForDeploymentPostprocessing = 0;
		};
		AEE77B142202256B0042AE11 /* Sources */ = {
			isa = PBXSourcesBuildPhase;
			buildActionMask = 2147483647;
			files = (
				AEE77B1D2202256B0042AE11 /* Muse_ZenvironmentUITests.swift in Sources */,
			);
			runOnlyForDeploymentPostprocessing = 0;
		};
		AEE77B2C2202256C0042AE11 /* Sources */ = {
			isa = PBXSourcesBuildPhase;
			buildActionMask = 2147483647;
			files = (
				AE614893225FD47400100821 /* SessionDelegater.swift in Sources */,
				AEE77B3A2202256C0042AE11 /* NotificationController.swift in Sources */,
				AEA9026D225D473C0098DEC9 /* MotionInterfaceController.swift in Sources */,
				AEE77B3C2202256C0042AE11 /* ComplicationController.swift in Sources */,
				AEC35A44224195EC0074A0E4 /* StatusInterfaceController.swift in Sources */,
				AEA90270225FC2800098DEC9 /* HeartRateManager.swift in Sources */,
				AEE77B382202256C0042AE11 /* ExtensionDelegate.swift in Sources */,
				AEE77B362202256C0042AE11 /* InterfaceController.swift in Sources */,
				AEA90272225FCD8E0098DEC9 /* MotionManager.swift in Sources */,
			);
			runOnlyForDeploymentPostprocessing = 0;
		};
/* End PBXSourcesBuildPhase section */

/* Begin PBXTargetDependency section */
        AEE77B0F2202256B0042AE11 /* PBXTargetDependency */ = {
            isa = PBXTargetDependency;
            target = AEE77AF8220225670042AE11 /* Muse Zenvironment */;
            targetProxy = AEE77B0E2202256B0042AE11 /* PBXContainerItemProxy */;
        };
        AEE77B1A2202256B0042AE11 /* PBXTargetDependency */ = {
            isa = PBXTargetDependency;
            target = AEE77AF8220225670042AE11 /* Muse Zenvironment */;
            targetProxy = AEE77B192202256B0042AE11 /* PBXContainerItemProxy */;
        };
        AEE77B242202256B0042AE11 /* PBXTargetDependency */ = {
            isa = PBXTargetDependency;
            target = AEE77B202202256B0042AE11 /* Muse Zenvironment WatchKit App */;
            targetProxy = AEE77B232202256B0042AE11 /* PBXContainerItemProxy */;
        };
        AEE77B332202256C0042AE11 /* PBXTargetDependency */ = {
            isa = PBXTargetDependency;
            target = AEE77B2F2202256C0042AE11 /* Muse Zenvironment WatchKit Extension */;
            targetProxy = AEE77B322202256C0042AE11 /* PBXContainerItemProxy */;
        };
/* End PBXTargetDependency section */

/* Begin PBXVariantGroup section */
        AEE77B00220225670042AE11 /* Main.storyboard */ = {
            isa = PBXVariantGroup;
            children = (
                AEE77B01220225670042AE11 /* Base */,
            );
            name = Main.storyboard;
            sourceTree = "<group>";
        };
        AEE77B052202256B0042AE11 /* LaunchScreen.storyboard */ = {
            isa = PBXVariantGroup;
            children = (
                AEE77B062202256B0042AE11 /* Base */,
            );
            name = LaunchScreen.storyboard;
            sourceTree = "<group>";
        };
        AEE77B262202256B0042AE11 /* Interface.storyboard */ = {
            isa = PBXVariantGroup;
            children = (
                AEE77B272202256B0042AE11 /* Base */,
            );
            name = Interface.storyboard;
            sourceTree = "<group>";
        };
/* End PBXVariantGroup section */

/* Begin XCBuildConfiguration section */
		AEE77B412202256C0042AE11 /* Debug */ = {
			isa = XCBuildConfiguration;
			buildSettings = {
				ALWAYS_SEARCH_USER_PATHS = NO;
				CLANG_ANALYZER_NONNULL = YES;
				CLANG_ANALYZER_NUMBER_OBJECT_CONVERSION = YES_AGGRESSIVE;
				CLANG_CXX_LANGUAGE_STANDARD = "gnu++14";
				CLANG_CXX_LIBRARY = "libc++";
				CLANG_ENABLE_MODULES = YES;
				CLANG_ENABLE_OBJC_ARC = YES;
				CLANG_ENABLE_OBJC_WEAK = YES;
				CLANG_WARN_BLOCK_CAPTURE_AUTORELEASING = YES;
				CLANG_WARN_BOOL_CONVERSION = YES;
				CLANG_WARN_COMMA = YES;
				CLANG_WARN_CONSTANT_CONVERSION = YES;
				CLANG_WARN_DEPRECATED_OBJC_IMPLEMENTATIONS = YES;
				CLANG_WARN_DIRECT_OBJC_ISA_USAGE = YES_ERROR;
				CLANG_WARN_DOCUMENTATION_COMMENTS = YES;
				CLANG_WARN_EMPTY_BODY = YES;
				CLANG_WARN_ENUM_CONVERSION = YES;
				CLANG_WARN_INFINITE_RECURSION = YES;
				CLANG_WARN_INT_CONVERSION = YES;
				CLANG_WARN_NON_LITERAL_NULL_CONVERSION = YES;
				CLANG_WARN_OBJC_IMPLICIT_RETAIN_SELF = YES;
				CLANG_WARN_OBJC_LITERAL_CONVERSION = YES;
				CLANG_WARN_OBJC_ROOT_CLASS = YES_ERROR;
				CLANG_WARN_RANGE_LOOP_ANALYSIS = YES;
				CLANG_WARN_STRICT_PROTOTYPES = YES;
				CLANG_WARN_SUSPICIOUS_MOVE = YES;
				CLANG_WARN_UNGUARDED_AVAILABILITY = YES_AGGRESSIVE;
				CLANG_WARN_UNREACHABLE_CODE = YES;
				CLANG_WARN__DUPLICATE_METHOD_MATCH = YES;
				CODE_SIGN_IDENTITY = "iPhone Developer";
				COPY_PHASE_STRIP = NO;
				DEBUG_INFORMATION_FORMAT = dwarf;
				ENABLE_STRICT_OBJC_MSGSEND = YES;
				ENABLE_TESTABILITY = YES;
				GCC_C_LANGUAGE_STANDARD = gnu11;
				GCC_DYNAMIC_NO_PIC = NO;
				GCC_NO_COMMON_BLOCKS = YES;
				GCC_OPTIMIZATION_LEVEL = 0;
				GCC_PREPROCESSOR_DEFINITIONS = (
					"DEBUG=1",
					"$(inherited)",
				);
				GCC_WARN_64_TO_32_BIT_CONVERSION = YES;
				GCC_WARN_ABOUT_RETURN_TYPE = YES_ERROR;
				GCC_WARN_UNDECLARED_SELECTOR = YES;
				GCC_WARN_UNINITIALIZED_AUTOS = YES_AGGRESSIVE;
				GCC_WARN_UNUSED_FUNCTION = YES;
				GCC_WARN_UNUSED_VARIABLE = YES;
				IPHONEOS_DEPLOYMENT_TARGET = 12.0;
				MTL_ENABLE_DEBUG_INFO = INCLUDE_SOURCE;
				MTL_FAST_MATH = YES;
				ONLY_ACTIVE_ARCH = YES;
				SDKROOT = iphoneos;
				SWIFT_ACTIVE_COMPILATION_CONDITIONS = DEBUG;
				SWIFT_OPTIMIZATION_LEVEL = "-Onone";
			};
			name = Debug;
		};
		AEE77B422202256C0042AE11 /* Release */ = {
			isa = XCBuildConfiguration;
			buildSettings = {
				ALWAYS_SEARCH_USER_PATHS = NO;
				CLANG_ANALYZER_NONNULL = YES;
				CLANG_ANALYZER_NUMBER_OBJECT_CONVERSION = YES_AGGRESSIVE;
				CLANG_CXX_LANGUAGE_STANDARD = "gnu++14";
				CLANG_CXX_LIBRARY = "libc++";
				CLANG_ENABLE_MODULES = YES;
				CLANG_ENABLE_OBJC_ARC = YES;
				CLANG_ENABLE_OBJC_WEAK = YES;
				CLANG_WARN_BLOCK_CAPTURE_AUTORELEASING = YES;
				CLANG_WARN_BOOL_CONVERSION = YES;
				CLANG_WARN_COMMA = YES;
				CLANG_WARN_CONSTANT_CONVERSION = YES;
				CLANG_WARN_DEPRECATED_OBJC_IMPLEMENTATIONS = YES;
				CLANG_WARN_DIRECT_OBJC_ISA_USAGE = YES_ERROR;
				CLANG_WARN_DOCUMENTATION_COMMENTS = YES;
				CLANG_WARN_EMPTY_BODY = YES;
				CLANG_WARN_ENUM_CONVERSION = YES;
				CLANG_WARN_INFINITE_RECURSION = YES;
				CLANG_WARN_INT_CONVERSION = YES;
				CLANG_WARN_NON_LITERAL_NULL_CONVERSION = YES;
				CLANG_WARN_OBJC_IMPLICIT_RETAIN_SELF = YES;
				CLANG_WARN_OBJC_LITERAL_CONVERSION = YES;
				CLANG_WARN_OBJC_ROOT_CLASS = YES_ERROR;
				CLANG_WARN_RANGE_LOOP_ANALYSIS = YES;
				CLANG_WARN_STRICT_PROTOTYPES = YES;
				CLANG_WARN_SUSPICIOUS_MOVE = YES;
				CLANG_WARN_UNGUARDED_AVAILABILITY = YES_AGGRESSIVE;
				CLANG_WARN_UNREACHABLE_CODE = YES;
				CLANG_WARN__DUPLICATE_METHOD_MATCH = YES;
				CODE_SIGN_IDENTITY = "iPhone Developer";
				COPY_PHASE_STRIP = NO;
				DEBUG_INFORMATION_FORMAT = "dwarf-with-dsym";
				ENABLE_NS_ASSERTIONS = NO;
				ENABLE_STRICT_OBJC_MSGSEND = YES;
				GCC_C_LANGUAGE_STANDARD = gnu11;
				GCC_NO_COMMON_BLOCKS = YES;
				GCC_WARN_64_TO_32_BIT_CONVERSION = YES;
				GCC_WARN_ABOUT_RETURN_TYPE = YES_ERROR;
				GCC_WARN_UNDECLARED_SELECTOR = YES;
				GCC_WARN_UNINITIALIZED_AUTOS = YES_AGGRESSIVE;
				GCC_WARN_UNUSED_FUNCTION = YES;
				GCC_WARN_UNUSED_VARIABLE = YES;
				IPHONEOS_DEPLOYMENT_TARGET = 12.0;
				MTL_ENABLE_DEBUG_INFO = NO;
				MTL_FAST_MATH = YES;
				SDKROOT = iphoneos;
				SWIFT_COMPILATION_MODE = wholemodule;
				SWIFT_OPTIMIZATION_LEVEL = "-O";
				VALIDATE_PRODUCT = YES;
			};
			name = Release;
		};
		AEE77B442202256C0042AE11 /* Debug */ = {
			isa = XCBuildConfiguration;
			buildSettings = {
				ASSETCATALOG_COMPILER_COMPLICATION_NAME = Complication;
				CODE_SIGN_ENTITLEMENTS = "Muse Zenvironment WatchKit Extension/Muse Zenvironment WatchKit Extension.entitlements";
				CODE_SIGN_STYLE = Automatic;
				DEVELOPMENT_TEAM = MWH8N2QRUE;
				INFOPLIST_FILE = "Muse Zenvironment WatchKit Extension/Info.plist";
				LD_RUNPATH_SEARCH_PATHS = (
					"$(inherited)",
					"@executable_path/Frameworks",
					"@executable_path/../../Frameworks",
				);
				PRODUCT_BUNDLE_IDENTIFIER = "com.Teters.Muse-Zenvironment.watchkitapp.watchkitextension";
				PRODUCT_NAME = "${TARGET_NAME}";
				SDKROOT = watchos;
				SKIP_INSTALL = YES;
				SWIFT_VERSION = 4.2;
				TARGETED_DEVICE_FAMILY = 4;
				WATCHOS_DEPLOYMENT_TARGET = 5.0;
			};
			name = Debug;
		};
		AEE77B452202256C0042AE11 /* Release */ = {
			isa = XCBuildConfiguration;
			buildSettings = {
				ASSETCATALOG_COMPILER_COMPLICATION_NAME = Complication;
				CODE_SIGN_ENTITLEMENTS = "Muse Zenvironment WatchKit Extension/Muse Zenvironment WatchKit Extension.entitlements";
				CODE_SIGN_STYLE = Automatic;
				DEVELOPMENT_TEAM = MWH8N2QRUE;
				INFOPLIST_FILE = "Muse Zenvironment WatchKit Extension/Info.plist";
				LD_RUNPATH_SEARCH_PATHS = (
					"$(inherited)",
					"@executable_path/Frameworks",
					"@executable_path/../../Frameworks",
				);
				PRODUCT_BUNDLE_IDENTIFIER = "com.Teters.Muse-Zenvironment.watchkitapp.watchkitextension";
				PRODUCT_NAME = "${TARGET_NAME}";
				SDKROOT = watchos;
				SKIP_INSTALL = YES;
				SWIFT_VERSION = 4.2;
				TARGETED_DEVICE_FAMILY = 4;
				WATCHOS_DEPLOYMENT_TARGET = 5.0;
			};
			name = Release;
		};
		AEE77B482202256C0042AE11 /* Debug */ = {
			isa = XCBuildConfiguration;
			buildSettings = {
				ALWAYS_EMBED_SWIFT_STANDARD_LIBRARIES = YES;
				ASSETCATALOG_COMPILER_APPICON_NAME = AppIcon;
				CLANG_ENABLE_MODULES = YES;
				CODE_SIGN_STYLE = Automatic;
				DEVELOPMENT_TEAM = MWH8N2QRUE;
				IBSC_MODULE = Muse_Zenvironment_WatchKit_Extension;
				INFOPLIST_FILE = "Muse Zenvironment WatchKit App/Info.plist";
				LD_RUNPATH_SEARCH_PATHS = (
					"$(inherited)",
					"@executable_path/../Frameworks",
					"@loader_path/../Frameworks",
				);
				PRODUCT_BUNDLE_IDENTIFIER = "com.Teters.Muse-Zenvironment.watchkitapp";
				PRODUCT_NAME = "$(TARGET_NAME)";
				SDKROOT = watchos;
				SKIP_INSTALL = YES;
				SWIFT_OPTIMIZATION_LEVEL = "-Onone";
				SWIFT_VERSION = 4.2;
				TARGETED_DEVICE_FAMILY = 4;
				WATCHOS_DEPLOYMENT_TARGET = 5.0;
			};
			name = Debug;
		};
		AEE77B492202256C0042AE11 /* Release */ = {
			isa = XCBuildConfiguration;
			buildSettings = {
				ALWAYS_EMBED_SWIFT_STANDARD_LIBRARIES = YES;
				ASSETCATALOG_COMPILER_APPICON_NAME = AppIcon;
				CLANG_ENABLE_MODULES = YES;
				CODE_SIGN_STYLE = Automatic;
				DEVELOPMENT_TEAM = MWH8N2QRUE;
				IBSC_MODULE = Muse_Zenvironment_WatchKit_Extension;
				INFOPLIST_FILE = "Muse Zenvironment WatchKit App/Info.plist";
				LD_RUNPATH_SEARCH_PATHS = (
					"$(inherited)",
					"@executable_path/../Frameworks",
					"@loader_path/../Frameworks",
				);
				PRODUCT_BUNDLE_IDENTIFIER = "com.Teters.Muse-Zenvironment.watchkitapp";
				PRODUCT_NAME = "$(TARGET_NAME)";
				SDKROOT = watchos;
				SKIP_INSTALL = YES;
				SWIFT_VERSION = 4.2;
				TARGETED_DEVICE_FAMILY = 4;
				WATCHOS_DEPLOYMENT_TARGET = 5.0;
			};
			name = Release;
		};
		AEE77B4C2202256C0042AE11 /* Debug */ = {
			isa = XCBuildConfiguration;
			buildSettings = {
				ASSETCATALOG_COMPILER_APPICON_NAME = AppIcon;
				CLANG_ENABLE_MODULES = YES;
				CODE_SIGN_ENTITLEMENTS = "Muse Zenvironment/Muse Zenvironment.entitlements";
				CODE_SIGN_STYLE = Automatic;
				DEVELOPMENT_TEAM = MWH8N2QRUE;
				INFOPLIST_FILE = "Muse Zenvironment/Info.plist";
				IPHONEOS_DEPLOYMENT_TARGET = 12.1;
				LD_RUNPATH_SEARCH_PATHS = (
					"$(inherited)",
					"@executable_path/Frameworks",
				);
				PRODUCT_BUNDLE_IDENTIFIER = "com.Teters.Muse-Zenvironment";
				PRODUCT_NAME = "$(TARGET_NAME)";
				SWIFT_OPTIMIZATION_LEVEL = "-Onone";
				SWIFT_VERSION = 4.2;
				TARGETED_DEVICE_FAMILY = "1,2";
			};
			name = Debug;
		};
		AEE77B4D2202256C0042AE11 /* Release */ = {
			isa = XCBuildConfiguration;
			buildSettings = {
				ASSETCATALOG_COMPILER_APPICON_NAME = AppIcon;
				CLANG_ENABLE_MODULES = YES;
				CODE_SIGN_ENTITLEMENTS = "Muse Zenvironment/Muse Zenvironment.entitlements";
				CODE_SIGN_STYLE = Automatic;
				DEVELOPMENT_TEAM = MWH8N2QRUE;
				INFOPLIST_FILE = "Muse Zenvironment/Info.plist";
				IPHONEOS_DEPLOYMENT_TARGET = 12.1;
				LD_RUNPATH_SEARCH_PATHS = (
					"$(inherited)",
					"@executable_path/Frameworks",
				);
				PRODUCT_BUNDLE_IDENTIFIER = "com.Teters.Muse-Zenvironment";
				PRODUCT_NAME = "$(TARGET_NAME)";
				SWIFT_VERSION = 4.2;
				TARGETED_DEVICE_FAMILY = "1,2";
			};
			name = Release;
		};
		AEE77B4F2202256C0042AE11 /* Debug */ = {
			isa = XCBuildConfiguration;
			buildSettings = {
				ALWAYS_EMBED_SWIFT_STANDARD_LIBRARIES = YES;
				BUNDLE_LOADER = "$(TEST_HOST)";
				CODE_SIGN_STYLE = Automatic;
				DEVELOPMENT_TEAM = MWH8N2QRUE;
				INFOPLIST_FILE = "Muse ZenvironmentTests/Info.plist";
				LD_RUNPATH_SEARCH_PATHS = (
					"$(inherited)",
					"@executable_path/Frameworks",
					"@loader_path/Frameworks",
				);
				PRODUCT_BUNDLE_IDENTIFIER = "com.Teters.Muse-ZenvironmentTests";
				PRODUCT_NAME = "$(TARGET_NAME)";
				SWIFT_VERSION = 4.2;
				TARGETED_DEVICE_FAMILY = "1,2";
				TEST_HOST = "$(BUILT_PRODUCTS_DIR)/Muse Zenvironment.app/Muse Zenvironment";
			};
			name = Debug;
		};
		AEE77B502202256C0042AE11 /* Release */ = {
			isa = XCBuildConfiguration;
			buildSettings = {
				ALWAYS_EMBED_SWIFT_STANDARD_LIBRARIES = YES;
				BUNDLE_LOADER = "$(TEST_HOST)";
				CODE_SIGN_STYLE = Automatic;
				DEVELOPMENT_TEAM = MWH8N2QRUE;
				INFOPLIST_FILE = "Muse ZenvironmentTests/Info.plist";
				LD_RUNPATH_SEARCH_PATHS = (
					"$(inherited)",
					"@executable_path/Frameworks",
					"@loader_path/Frameworks",
				);
				PRODUCT_BUNDLE_IDENTIFIER = "com.Teters.Muse-ZenvironmentTests";
				PRODUCT_NAME = "$(TARGET_NAME)";
				SWIFT_VERSION = 4.2;
				TARGETED_DEVICE_FAMILY = "1,2";
				TEST_HOST = "$(BUILT_PRODUCTS_DIR)/Muse Zenvironment.app/Muse Zenvironment";
			};
			name = Release;
		};
		AEE77B522202256C0042AE11 /* Debug */ = {
			isa = XCBuildConfiguration;
			buildSettings = {
				ALWAYS_EMBED_SWIFT_STANDARD_LIBRARIES = YES;
				CODE_SIGN_STYLE = Automatic;
				DEVELOPMENT_TEAM = MWH8N2QRUE;
				INFOPLIST_FILE = "Muse ZenvironmentUITests/Info.plist";
				LD_RUNPATH_SEARCH_PATHS = (
					"$(inherited)",
					"@executable_path/Frameworks",
					"@loader_path/Frameworks",
				);
				PRODUCT_BUNDLE_IDENTIFIER = "com.Teters.Muse-ZenvironmentUITests";
				PRODUCT_NAME = "$(TARGET_NAME)";
				SWIFT_VERSION = 4.2;
				TARGETED_DEVICE_FAMILY = "1,2";
				TEST_TARGET_NAME = "Muse Zenvironment";
			};
			name = Debug;
		};
		AEE77B532202256C0042AE11 /* Release */ = {
			isa = XCBuildConfiguration;
			buildSettings = {
				ALWAYS_EMBED_SWIFT_STANDARD_LIBRARIES = YES;
				CODE_SIGN_STYLE = Automatic;
				DEVELOPMENT_TEAM = MWH8N2QRUE;
				INFOPLIST_FILE = "Muse ZenvironmentUITests/Info.plist";
				LD_RUNPATH_SEARCH_PATHS = (
					"$(inherited)",
					"@executable_path/Frameworks",
					"@loader_path/Frameworks",
				);
				PRODUCT_BUNDLE_IDENTIFIER = "com.Teters.Muse-ZenvironmentUITests";
				PRODUCT_NAME = "$(TARGET_NAME)";
				SWIFT_VERSION = 4.2;
				TARGETED_DEVICE_FAMILY = "1,2";
				TEST_TARGET_NAME = "Muse Zenvironment";
			};
			name = Release;
		};
/* End XCBuildConfiguration section */

/* Begin XCConfigurationList section */
        AEE77AF4220225670042AE11 /* Build configuration list for PBXProject "Muse Zenvironment" */ = {
            isa = XCConfigurationList;
            buildConfigurations = (
                AEE77B412202256C0042AE11 /* Debug */,
                AEE77B422202256C0042AE11 /* Release */,
            );
            defaultConfigurationIsVisible = 0;
            defaultConfigurationName = Release;
        };
        AEE77B432202256C0042AE11 /* Build configuration list for PBXNativeTarget "Muse Zenvironment WatchKit Extension" */ = {
            isa = XCConfigurationList;
            buildConfigurations = (
                AEE77B442202256C0042AE11 /* Debug */,
                AEE77B452202256C0042AE11 /* Release */,
            );
            defaultConfigurationIsVisible = 0;
            defaultConfigurationName = Release;
        };
        AEE77B472202256C0042AE11 /* Build configuration list for PBXNativeTarget "Muse Zenvironment WatchKit App" */ = {
            isa = XCConfigurationList;
            buildConfigurations = (
                AEE77B482202256C0042AE11 /* Debug */,
                AEE77B492202256C0042AE11 /* Release */,
            );
            defaultConfigurationIsVisible = 0;
            defaultConfigurationName = Release;
        };
        AEE77B4B2202256C0042AE11 /* Build configuration list for PBXNativeTarget "Muse Zenvironment" */ = {
            isa = XCConfigurationList;
            buildConfigurations = (
                AEE77B4C2202256C0042AE11 /* Debug */,
                AEE77B4D2202256C0042AE11 /* Release */,
            );
            defaultConfigurationIsVisible = 0;
            defaultConfigurationName = Release;
        };
        AEE77B4E2202256C0042AE11 /* Build configuration list for PBXNativeTarget "Muse ZenvironmentTests" */ = {
            isa = XCConfigurationList;
            buildConfigurations = (
                AEE77B4F2202256C0042AE11 /* Debug */,
                AEE77B502202256C0042AE11 /* Release */,
            );
            defaultConfigurationIsVisible = 0;
            defaultConfigurationName = Release;
        };
        AEE77B512202256C0042AE11 /* Build configuration list for PBXNativeTarget "Muse ZenvironmentUITests" */ = {
            isa = XCConfigurationList;
            buildConfigurations = (
                AEE77B522202256C0042AE11 /* Debug */,
                AEE77B532202256C0042AE11 /* Release */,
            );
            defaultConfigurationIsVisible = 0;
            defaultConfigurationName = Release;
        };
/* End XCConfigurationList section */
    };
    rootObject = AEE77AF1220225670042AE11 /* Project object */;
}
